
Microsoft Visual Studio Solution File, Format Version 12.00
# Visual Studio Version 16
VisualStudioVersion = 16.0.31321.278
MinimumVisualStudioVersion = 10.0.40219.1
Project("{9A19103F-16F7-4668-BE54-9A1E7A4F7556}") = "Pseudo-TestsFramework", "Pseudo-TestsFramework.csproj", "{5CE279A9-4F41-4E05-A224-7F44A2262A6A}"
EndProject
Global
	GlobalSection(SolutionConfigurationPlatforms) = preSolution
		Debug|Any CPU = Debug|Any CPU
		Release|Any CPU = Release|Any CPU
	EndGlobalSection
	GlobalSection(ProjectConfigurationPlatforms) = postSolution
		{5CE279A9-4F41-4E05-A224-7F44A2262A6A}.Debug|Any CPU.ActiveCfg = Debug|Any CPU
		{5CE279A9-4F41-4E05-A224-7F44A2262A6A}.Debug|Any CPU.Build.0 = Debug|Any CPU
		{5CE279A9-4F41-4E05-A224-7F44A2262A6A}.Release|Any CPU.ActiveCfg = Release|Any CPU
		{5CE279A9-4F41-4E05-A224-7F44A2262A6A}.Release|Any CPU.Build.0 = Release|Any CPU
	EndGlobalSection
	GlobalSection(SolutionProperties) = preSolution
		HideSolutionNode = FALSE
	EndGlobalSection
	GlobalSection(ExtensibilityGlobals) = postSolution
		SolutionGuid = {44FA62FB-9F41-4762-A075-B2F494DD768B}
	EndGlobalSection
EndGlobal
